
Microsoft Visual Studio Solution File, Format Version 12.00
# Visual Studio Version 16
VisualStudioVersion = 16.0.30717.126
MinimumVisualStudioVersion = 10.0.40219.1
Project("{FAE04EC0-301F-11D3-BF4B-00C04F79EFBC}") = "NewsFeed", "NewsFeed\NewsFeed.csproj", "{98F9F2C7-95FD-4CC5-B60D-2E287129896B}"
EndProject
Global
	GlobalSection(SolutionConfigurationPlatforms) = preSolution
		Debug|Any CPU = Debug|Any CPU
		Release|Any CPU = Release|Any CPU
	EndGlobalSection
	GlobalSection(ProjectConfigurationPlatforms) = postSolution
		{98F9F2C7-95FD-4CC5-B60D-2E287129896B}.Debug|Any CPU.ActiveCfg = Debug|Any CPU
		{98F9F2C7-95FD-4CC5-B60D-2E287129896B}.Debug|Any CPU.Build.0 = Debug|Any CPU
		{98F9F2C7-95FD-4CC5-B60D-2E287129896B}.Release|Any CPU.ActiveCfg = Release|Any CPU
		{98F9F2C7-95FD-4CC5-B60D-2E287129896B}.Release|Any CPU.Build.0 = Release|Any CPU
	EndGlobalSection
	GlobalSection(SolutionProperties) = preSolution
		HideSolutionNode = FALSE
	EndGlobalSection
	GlobalSection(ExtensibilityGlobals) = postSolution
		SolutionGuid = {F237BFC4-BA15-448D-87BF-FA68E9631F7B}
	EndGlobalSection
EndGlobal
